// !$*UTF8*$!
{
	archiveVersion = 1;
	classes = {
	};
	objectVersion = 56;
	objects = {

/* Begin PBXBuildFile section */
		3BDEB5A32913CAD90003C9F4 /* AppDelegate.swift in Sources */ = {isa = PBXBuildFile; fileRef = 3BDEB5A22913CAD90003C9F4 /* AppDelegate.swift */; };
		3BDEB5A52913CAD90003C9F4 /* SceneDelegate.swift in Sources */ = {isa = PBXBuildFile; fileRef = 3BDEB5A42913CAD90003C9F4 /* SceneDelegate.swift */; };
		3BDEB5A72913CAD90003C9F4 /* MainViewController.swift in Sources */ = {isa = PBXBuildFile; fileRef = 3BDEB5A62913CAD90003C9F4 /* MainViewController.swift */; };
		3BDEB5AA2913CAD90003C9F4 /* Main.storyboard in Resources */ = {isa = PBXBuildFile; fileRef = 3BDEB5A82913CAD90003C9F4 /* Main.storyboard */; };
		3BDEB5AC2913CAE10003C9F4 /* Assets.xcassets in Resources */ = {isa = PBXBuildFile; fileRef = 3BDEB5AB2913CAE10003C9F4 /* Assets.xcassets */; };
		3BDEB5AF2913CAE10003C9F4 /* LaunchScreen.storyboard in Resources */ = {isa = PBXBuildFile; fileRef = 3BDEB5AD2913CAE10003C9F4 /* LaunchScreen.storyboard */; };
		3BDEB5D1291FC8BE0003C9F4 /* Comment.swift in Sources */ = {isa = PBXBuildFile; fileRef = 3BDEB5D0291FC8BE0003C9F4 /* Comment.swift */; };
		3BDEB5D3291FC9090003C9F4 /* MainPresenter.swift in Sources */ = {isa = PBXBuildFile; fileRef = 3BDEB5D2291FC9090003C9F4 /* MainPresenter.swift */; };
		3BDEB5D9291FD4410003C9F4 /* ModelBuilder.swift in Sources */ = {isa = PBXBuildFile; fileRef = 3BDEB5D8291FD4410003C9F4 /* ModelBuilder.swift */; };
		3BDEB5DB2920F28F0003C9F4 /* CustomTableCellPresenter.swift in Sources */ = {isa = PBXBuildFile; fileRef = 3BDEB5DA2920F28F0003C9F4 /* CustomTableCellPresenter.swift */; };
		3BDEB5DD2920FF800003C9F4 /* NetworkService.swift in Sources */ = {isa = PBXBuildFile; fileRef = 3BDEB5DC2920FF800003C9F4 /* NetworkService.swift */; };
		3BDEB5E0292181550003C9F4 /* DetailPresenter.swift in Sources */ = {isa = PBXBuildFile; fileRef = 3BDEB5DF292181550003C9F4 /* DetailPresenter.swift */; };
		3BDEB5E4292183570003C9F4 /* DetailViewController.swift in Sources */ = {isa = PBXBuildFile; fileRef = 3BDEB5E3292183570003C9F4 /* DetailViewController.swift */; };
		3BDEB5E729228A960003C9F4 /* Router.swift in Sources */ = {isa = PBXBuildFile; fileRef = 3BDEB5E629228A960003C9F4 /* Router.swift */; };
/* End PBXBuildFile section */

/* Begin PBXFileReference section */
		3BDEB59F2913CAD90003C9F4 /* MVP разбор.app */ = {isa = PBXFileReference; explicitFileType = wrapper.application; includeInIndex = 0; path = "MVP разбор.app"; sourceTree = BUILT_PRODUCTS_DIR; };
		3BDEB5A22913CAD90003C9F4 /* AppDelegate.swift */ = {isa = PBXFileReference; lastKnownFileType = sourcecode.swift; path = AppDelegate.swift; sourceTree = "<group>"; };
		3BDEB5A42913CAD90003C9F4 /* SceneDelegate.swift */ = {isa = PBXFileReference; lastKnownFileType = sourcecode.swift; path = SceneDelegate.swift; sourceTree = "<group>"; };
		3BDEB5A62913CAD90003C9F4 /* MainViewController.swift */ = {isa = PBXFileReference; lastKnownFileType = sourcecode.swift; path = MainViewController.swift; sourceTree = "<group>"; };
		3BDEB5A92913CAD90003C9F4 /* Base */ = {isa = PBXFileReference; lastKnownFileType = file.storyboard; name = Base; path = Base.lproj/Main.storyboard; sourceTree = "<group>"; };
		3BDEB5AB2913CAE10003C9F4 /* Assets.xcassets */ = {isa = PBXFileReference; lastKnownFileType = folder.assetcatalog; path = Assets.xcassets; sourceTree = "<group>"; };
		3BDEB5AE2913CAE10003C9F4 /* Base */ = {isa = PBXFileReference; lastKnownFileType = file.storyboard; name = Base; path = Base.lproj/LaunchScreen.storyboard; sourceTree = "<group>"; };
		3BDEB5B02913CAE10003C9F4 /* Info.plist */ = {isa = PBXFileReference; lastKnownFileType = text.plist.xml; path = Info.plist; sourceTree = "<group>"; };
		3BDEB5D0291FC8BE0003C9F4 /* Comment.swift */ = {isa = PBXFileReference; lastKnownFileType = sourcecode.swift; path = Comment.swift; sourceTree = "<group>"; };
		3BDEB5D2291FC9090003C9F4 /* MainPresenter.swift */ = {isa = PBXFileReference; lastKnownFileType = sourcecode.swift; path = MainPresenter.swift; sourceTree = "<group>"; };
		3BDEB5D8291FD4410003C9F4 /* ModelBuilder.swift */ = {isa = PBXFileReference; lastKnownFileType = sourcecode.swift; path = ModelBuilder.swift; sourceTree = "<group>"; };
		3BDEB5DA2920F28F0003C9F4 /* CustomTableCellPresenter.swift */ = {isa = PBXFileReference; lastKnownFileType = sourcecode.swift; path = CustomTableCellPresenter.swift; sourceTree = "<group>"; };
		3BDEB5DC2920FF800003C9F4 /* NetworkService.swift */ = {isa = PBXFileReference; lastKnownFileType = sourcecode.swift; path = NetworkService.swift; sourceTree = "<group>"; };
		3BDEB5DF292181550003C9F4 /* DetailPresenter.swift */ = {isa = PBXFileReference; lastKnownFileType = sourcecode.swift; path = DetailPresenter.swift; sourceTree = "<group>"; };
		3BDEB5E3292183570003C9F4 /* DetailViewController.swift */ = {isa = PBXFileReference; lastKnownFileType = sourcecode.swift; path = DetailViewController.swift; sourceTree = "<group>"; };
		3BDEB5E629228A960003C9F4 /* Router.swift */ = {isa = PBXFileReference; lastKnownFileType = sourcecode.swift; path = Router.swift; sourceTree = "<group>"; };
/* End PBXFileReference section */

/* Begin PBXFrameworksBuildPhase section */
		3BDEB59C2913CAD90003C9F4 /* Frameworks */ = {
			isa = PBXFrameworksBuildPhase;
			buildActionMask = 2147483647;
			files = (
			);
			runOnlyForDeploymentPostprocessing = 0;
		};
/* End PBXFrameworksBuildPhase section */

/* Begin PBXGroup section */
		3BDEB5962913CAD90003C9F4 = {
			isa = PBXGroup;
			children = (
				3BDEB5A12913CAD90003C9F4 /* MVP разбор */,
				3BDEB5A02913CAD90003C9F4 /* Products */,
			);
			sourceTree = "<group>";
		};
		3BDEB5A02913CAD90003C9F4 /* Products */ = {
			isa = PBXGroup;
			children = (
				3BDEB59F2913CAD90003C9F4 /* MVP разбор.app */,
			);
			name = Products;
			sourceTree = "<group>";
		};
		3BDEB5A12913CAD90003C9F4 /* MVP разбор */ = {
			isa = PBXGroup;
			children = (
				3BDEB5A22913CAD90003C9F4 /* AppDelegate.swift */,
				3BDEB5A42913CAD90003C9F4 /* SceneDelegate.swift */,
				3BDEB5D8291FD4410003C9F4 /* ModelBuilder.swift */,
				3BDEB5E629228A960003C9F4 /* Router.swift */,
				3BDEB5D4291FD2630003C9F4 /* MainModule */,
				3BDEB5E2292183250003C9F4 /* DetailModule */,
				3BDEB5DE2920FFA40003C9F4 /* SeviceLayer */,
				3BDEB5A82913CAD90003C9F4 /* Main.storyboard */,
				3BDEB5AB2913CAE10003C9F4 /* Assets.xcassets */,
				3BDEB5AD2913CAE10003C9F4 /* LaunchScreen.storyboard */,
				3BDEB5B02913CAE10003C9F4 /* Info.plist */,
			);
			path = "MVP разбор";
			sourceTree = "<group>";
		};
		3BDEB5D4291FD2630003C9F4 /* MainModule */ = {
			isa = PBXGroup;
			children = (
				3BDEB5D6291FD2800003C9F4 /* Model */,
				3BDEB5D7291FD28E0003C9F4 /* View */,
				3BDEB5D5291FD2780003C9F4 /* Presenter */,
			);
			path = MainModule;
			sourceTree = "<group>";
		};
		3BDEB5D5291FD2780003C9F4 /* Presenter */ = {
			isa = PBXGroup;
			children = (
				3BDEB5D2291FC9090003C9F4 /* MainPresenter.swift */,
				3BDEB5DA2920F28F0003C9F4 /* CustomTableCellPresenter.swift */,
			);
			path = Presenter;
			sourceTree = "<group>";
		};
		3BDEB5D6291FD2800003C9F4 /* Model */ = {
			isa = PBXGroup;
			children = (
				3BDEB5D0291FC8BE0003C9F4 /* Comment.swift */,
			);
			path = Model;
			sourceTree = "<group>";
		};
		3BDEB5D7291FD28E0003C9F4 /* View */ = {
			isa = PBXGroup;
			children = (
				3BDEB5A62913CAD90003C9F4 /* MainViewController.swift */,
			);
			path = View;
			sourceTree = "<group>";
		};
		3BDEB5DE2920FFA40003C9F4 /* SeviceLayer */ = {
			isa = PBXGroup;
			children = (
				3BDEB5DC2920FF800003C9F4 /* NetworkService.swift */,
			);
			path = SeviceLayer;
			sourceTree = "<group>";
		};
		3BDEB5E12921831D0003C9F4 /* Presenter */ = {
			isa = PBXGroup;
			children = (
				3BDEB5DF292181550003C9F4 /* DetailPresenter.swift */,
			);
			path = Presenter;
			sourceTree = "<group>";
		};
		3BDEB5E2292183250003C9F4 /* DetailModule */ = {
			isa = PBXGroup;
			children = (
				3BDEB5E12921831D0003C9F4 /* Presenter */,
				3BDEB5E52921837F0003C9F4 /* View */,
			);
			path = DetailModule;
			sourceTree = "<group>";
		};
		3BDEB5E52921837F0003C9F4 /* View */ = {
			isa = PBXGroup;
			children = (
				3BDEB5E3292183570003C9F4 /* DetailViewController.swift */,
			);
			path = View;
			sourceTree = "<group>";
		};
/* End PBXGroup section */

/* Begin PBXNativeTarget section */
		3BDEB59E2913CAD90003C9F4 /* MVP разбор */ = {
			isa = PBXNativeTarget;
			buildConfigurationList = 3BDEB5B32913CAE10003C9F4 /* Build configuration list for PBXNativeTarget "MVP разбор" */;
			buildPhases = (
				3BDEB59B2913CAD90003C9F4 /* Sources */,
				3BDEB59C2913CAD90003C9F4 /* Frameworks */,
				3BDEB59D2913CAD90003C9F4 /* Resources */,
			);
			buildRules = (
			);
			dependencies = (
			);
			name = "MVP разбор";
			productName = "MVP разбор";
			productReference = 3BDEB59F2913CAD90003C9F4 /* MVP разбор.app */;
			productType = "com.apple.product-type.application";
		};
/* End PBXNativeTarget section */

/* Begin PBXProject section */
		3BDEB5972913CAD90003C9F4 /* Project object */ = {
			isa = PBXProject;
			attributes = {
				BuildIndependentTargetsInParallel = 1;
				LastSwiftUpdateCheck = 1400;
				LastUpgradeCheck = 1400;
				TargetAttributes = {
					3BDEB59E2913CAD90003C9F4 = {
						CreatedOnToolsVersion = 14.0.1;
					};
				};
			};
			buildConfigurationList = 3BDEB59A2913CAD90003C9F4 /* Build configuration list for PBXProject "MVP разбор" */;
			compatibilityVersion = "Xcode 14.0";
			developmentRegion = en;
			hasScannedForEncodings = 0;
			knownRegions = (
				en,
				Base,
			);
			mainGroup = 3BDEB5962913CAD90003C9F4;
			productRefGroup = 3BDEB5A02913CAD90003C9F4 /* Products */;
			projectDirPath = "";
			projectRoot = "";
			targets = (
				3BDEB59E2913CAD90003C9F4 /* MVP разбор */,
			);
		};
/* End PBXProject section */

/* Begin PBXResourcesBuildPhase section */
		3BDEB59D2913CAD90003C9F4 /* Resources */ = {
			isa = PBXResourcesBuildPhase;
			buildActionMask = 2147483647;
			files = (
				3BDEB5AF2913CAE10003C9F4 /* LaunchScreen.storyboard in Resources */,
				3BDEB5AC2913CAE10003C9F4 /* Assets.xcassets in Resources */,
				3BDEB5AA2913CAD90003C9F4 /* Main.storyboard in Resources */,
			);
			runOnlyForDeploymentPostprocessing = 0;
		};
/* End PBXResourcesBuildPhase section */

/* Begin PBXSourcesBuildPhase section */
		3BDEB59B2913CAD90003C9F4 /* Sources */ = {
			isa = PBXSourcesBuildPhase;
			buildActionMask = 2147483647;
			files = (
				3BDEB5A72913CAD90003C9F4 /* MainViewController.swift in Sources */,
				3BDEB5A32913CAD90003C9F4 /* AppDelegate.swift in Sources */,
				3BDEB5E0292181550003C9F4 /* DetailPresenter.swift in Sources */,
				3BDEB5DD2920FF800003C9F4 /* NetworkService.swift in Sources */,
				3BDEB5E4292183570003C9F4 /* DetailViewController.swift in Sources */,
				3BDEB5D1291FC8BE0003C9F4 /* Comment.swift in Sources */,
				3BDEB5A52913CAD90003C9F4 /* SceneDelegate.swift in Sources */,
				3BDEB5D3291FC9090003C9F4 /* MainPresenter.swift in Sources */,
				3BDEB5DB2920F28F0003C9F4 /* CustomTableCellPresenter.swift in Sources */,
				3BDEB5D9291FD4410003C9F4 /* ModelBuilder.swift in Sources */,
				3BDEB5E729228A960003C9F4 /* Router.swift in Sources */,
			);
			runOnlyForDeploymentPostprocessing = 0;
		};
/* End PBXSourcesBuildPhase section */

/* Begin PBXVariantGroup section */
		3BDEB5A82913CAD90003C9F4 /* Main.storyboard */ = {
			isa = PBXVariantGroup;
			children = (
				3BDEB5A92913CAD90003C9F4 /* Base */,
			);
			name = Main.storyboard;
			sourceTree = "<group>";
		};
		3BDEB5AD2913CAE10003C9F4 /* LaunchScreen.storyboard */ = {
			isa = PBXVariantGroup;
			children = (
				3BDEB5AE2913CAE10003C9F4 /* Base */,
			);
			name = LaunchScreen.storyboard;
			sourceTree = "<group>";
		};
/* End PBXVariantGroup section */

/* Begin XCBuildConfiguration section */
		3BDEB5B12913CAE10003C9F4 /* Debug */ = {
			isa = XCBuildConfiguration;
			buildSettings = {
				ALWAYS_SEARCH_USER_PATHS = NO;
				CLANG_ANALYZER_NONNULL = YES;
				CLANG_ANALYZER_NUMBER_OBJECT_CONVERSION = YES_AGGRESSIVE;
				CLANG_CXX_LANGUAGE_STANDARD = "gnu++20";
				CLANG_ENABLE_MODULES = YES;
				CLANG_ENABLE_OBJC_ARC = YES;
				CLANG_ENABLE_OBJC_WEAK = YES;
				CLANG_WARN_BLOCK_CAPTURE_AUTORELEASING = YES;
				CLANG_WARN_BOOL_CONVERSION = YES;
				CLANG_WARN_COMMA = YES;
				CLANG_WARN_CONSTANT_CONVERSION = YES;
				CLANG_WARN_DEPRECATED_OBJC_IMPLEMENTATIONS = YES;
				CLANG_WARN_DIRECT_OBJC_ISA_USAGE = YES_ERROR;
				CLANG_WARN_DOCUMENTATION_COMMENTS = YES;
				CLANG_WARN_EMPTY_BODY = YES;
				CLANG_WARN_ENUM_CONVERSION = YES;
				CLANG_WARN_INFINITE_RECURSION = YES;
				CLANG_WARN_INT_CONVERSION = YES;
				CLANG_WARN_NON_LITERAL_NULL_CONVERSION = YES;
				CLANG_WARN_OBJC_IMPLICIT_RETAIN_SELF = YES;
				CLANG_WARN_OBJC_LITERAL_CONVERSION = YES;
				CLANG_WARN_OBJC_ROOT_CLASS = YES_ERROR;
				CLANG_WARN_QUOTED_INCLUDE_IN_FRAMEWORK_HEADER = YES;
				CLANG_WARN_RANGE_LOOP_ANALYSIS = YES;
				CLANG_WARN_STRICT_PROTOTYPES = YES;
				CLANG_WARN_SUSPICIOUS_MOVE = YES;
				CLANG_WARN_UNGUARDED_AVAILABILITY = YES_AGGRESSIVE;
				CLANG_WARN_UNREACHABLE_CODE = YES;
				CLANG_WARN__DUPLICATE_METHOD_MATCH = YES;
				COPY_PHASE_STRIP = NO;
				DEBUG_INFORMATION_FORMAT = dwarf;
				ENABLE_STRICT_OBJC_MSGSEND = YES;
				ENABLE_TESTABILITY = YES;
				GCC_C_LANGUAGE_STANDARD = gnu11;
				GCC_DYNAMIC_NO_PIC = NO;
				GCC_NO_COMMON_BLOCKS = YES;
				GCC_OPTIMIZATION_LEVEL = 0;
				GCC_PREPROCESSOR_DEFINITIONS = (
					"DEBUG=1",
					"$(inherited)",
				);
				GCC_WARN_64_TO_32_BIT_CONVERSION = YES;
				GCC_WARN_ABOUT_RETURN_TYPE = YES_ERROR;
				GCC_WARN_UNDECLARED_SELECTOR = YES;
				GCC_WARN_UNINITIALIZED_AUTOS = YES_AGGRESSIVE;
				GCC_WARN_UNUSED_FUNCTION = YES;
				GCC_WARN_UNUSED_VARIABLE = YES;
				IPHONEOS_DEPLOYMENT_TARGET = 16.0;
				MTL_ENABLE_DEBUG_INFO = INCLUDE_SOURCE;
				MTL_FAST_MATH = YES;
				ONLY_ACTIVE_ARCH = YES;
				SDKROOT = iphoneos;
				SWIFT_ACTIVE_COMPILATION_CONDITIONS = DEBUG;
				SWIFT_OPTIMIZATION_LEVEL = "-Onone";
			};
			name = Debug;
		};
		3BDEB5B22913CAE10003C9F4 /* Release */ = {
			isa = XCBuildConfiguration;
			buildSettings = {
				ALWAYS_SEARCH_USER_PATHS = NO;
				CLANG_ANALYZER_NONNULL = YES;
				CLANG_ANALYZER_NUMBER_OBJECT_CONVERSION = YES_AGGRESSIVE;
				CLANG_CXX_LANGUAGE_STANDARD = "gnu++20";
				CLANG_ENABLE_MODULES = YES;
				CLANG_ENABLE_OBJC_ARC = YES;
				CLANG_ENABLE_OBJC_WEAK = YES;
				CLANG_WARN_BLOCK_CAPTURE_AUTORELEASING = YES;
				CLANG_WARN_BOOL_CONVERSION = YES;
				CLANG_WARN_COMMA = YES;
				CLANG_WARN_CONSTANT_CONVERSION = YES;
				CLANG_WARN_DEPRECATED_OBJC_IMPLEMENTATIONS = YES;
				CLANG_WARN_DIRECT_OBJC_ISA_USAGE = YES_ERROR;
				CLANG_WARN_DOCUMENTATION_COMMENTS = YES;
				CLANG_WARN_EMPTY_BODY = YES;
				CLANG_WARN_ENUM_CONVERSION = YES;
				CLANG_WARN_INFINITE_RECURSION = YES;
				CLANG_WARN_INT_CONVERSION = YES;
				CLANG_WARN_NON_LITERAL_NULL_CONVERSION = YES;
				CLANG_WARN_OBJC_IMPLICIT_RETAIN_SELF = YES;
				CLANG_WARN_OBJC_LITERAL_CONVERSION = YES;
				CLANG_WARN_OBJC_ROOT_CLASS = YES_ERROR;
				CLANG_WARN_QUOTED_INCLUDE_IN_FRAMEWORK_HEADER = YES;
				CLANG_WARN_RANGE_LOOP_ANALYSIS = YES;
				CLANG_WARN_STRICT_PROTOTYPES = YES;
				CLANG_WARN_SUSPICIOUS_MOVE = YES;
				CLANG_WARN_UNGUARDED_AVAILABILITY = YES_AGGRESSIVE;
				CLANG_WARN_UNREACHABLE_CODE = YES;
				CLANG_WARN__DUPLICATE_METHOD_MATCH = YES;
				COPY_PHASE_STRIP = NO;
				DEBUG_INFORMATION_FORMAT = "dwarf-with-dsym";
				ENABLE_NS_ASSERTIONS = NO;
				ENABLE_STRICT_OBJC_MSGSEND = YES;
				GCC_C_LANGUAGE_STANDARD = gnu11;
				GCC_NO_COMMON_BLOCKS = YES;
				GCC_WARN_64_TO_32_BIT_CONVERSION = YES;
				GCC_WARN_ABOUT_RETURN_TYPE = YES_ERROR;
				GCC_WARN_UNDECLARED_SELECTOR = YES;
				GCC_WARN_UNINITIALIZED_AUTOS = YES_AGGRESSIVE;
				GCC_WARN_UNUSED_FUNCTION = YES;
				GCC_WARN_UNUSED_VARIABLE = YES;
				IPHONEOS_DEPLOYMENT_TARGET = 16.0;
				MTL_ENABLE_DEBUG_INFO = NO;
				MTL_FAST_MATH = YES;
				SDKROOT = iphoneos;
				SWIFT_COMPILATION_MODE = wholemodule;
				SWIFT_OPTIMIZATION_LEVEL = "-O";
				VALIDATE_PRODUCT = YES;
			};
			name = Release;
		};
		3BDEB5B42913CAE10003C9F4 /* Debug */ = {
			isa = XCBuildConfiguration;
			buildSettings = {
				ASSETCATALOG_COMPILER_APPICON_NAME = AppIcon;
				ASSETCATALOG_COMPILER_GLOBAL_ACCENT_COLOR_NAME = AccentColor;
				CODE_SIGN_STYLE = Automatic;
				CURRENT_PROJECT_VERSION = 1;
				DEVELOPMENT_TEAM = 68NNJXQBZZ;
				GENERATE_INFOPLIST_FILE = YES;
				INFOPLIST_FILE = "MVP разбор/Info.plist";
				INFOPLIST_KEY_UIApplicationSupportsIndirectInputEvents = YES;
				INFOPLIST_KEY_UILaunchStoryboardName = LaunchScreen;
				INFOPLIST_KEY_UIMainStoryboardFile = Main;
				INFOPLIST_KEY_UISupportedInterfaceOrientations_iPad = "UIInterfaceOrientationPortrait UIInterfaceOrientationPortraitUpsideDown UIInterfaceOrientationLandscapeLeft UIInterfaceOrientationLandscapeRight";
				INFOPLIST_KEY_UISupportedInterfaceOrientations_iPhone = "UIInterfaceOrientationPortrait UIInterfaceOrientationLandscapeLeft UIInterfaceOrientationLandscapeRight";
				LD_RUNPATH_SEARCH_PATHS = (
					"$(inherited)",
					"@executable_path/Frameworks",
				);
				MARKETING_VERSION = 1.0;
				PRODUCT_BUNDLE_IDENTIFIER = "evgeiniypavlyukov.MVP-------";
				PRODUCT_NAME = "$(TARGET_NAME)";
				SWIFT_EMIT_LOC_STRINGS = YES;
				SWIFT_VERSION = 5.0;
				TARGETED_DEVICE_FAMILY = "1,2";
			};
			name = Debug;
		};
		3BDEB5B52913CAE10003C9F4 /* Release */ = {
			isa = XCBuildConfiguration;
			buildSettings = {
				ASSETCATALOG_COMPILER_APPICON_NAME = AppIcon;
				ASSETCATALOG_COMPILER_GLOBAL_ACCENT_COLOR_NAME = AccentColor;
				CODE_SIGN_STYLE = Automatic;
				CURRENT_PROJECT_VERSION = 1;
				DEVELOPMENT_TEAM = 68NNJXQBZZ;
				GENERATE_INFOPLIST_FILE = YES;
				INFOPLIST_FILE = "MVP разбор/Info.plist";
				INFOPLIST_KEY_UIApplicationSupportsIndirectInputEvents = YES;
				INFOPLIST_KEY_UILaunchStoryboardName = LaunchScreen;
				INFOPLIST_KEY_UIMainStoryboardFile = Main;
				INFOPLIST_KEY_UISupportedInterfaceOrientations_iPad = "UIInterfaceOrientationPortrait UIInterfaceOrientationPortraitUpsideDown UIInterfaceOrientationLandscapeLeft UIInterfaceOrientationLandscapeRight";
				INFOPLIST_KEY_UISupportedInterfaceOrientations_iPhone = "UIInterfaceOrientationPortrait UIInterfaceOrientationLandscapeLeft UIInterfaceOrientationLandscapeRight";
				LD_RUNPATH_SEARCH_PATHS = (
					"$(inherited)",
					"@executable_path/Frameworks",
				);
				MARKETING_VERSION = 1.0;
				PRODUCT_BUNDLE_IDENTIFIER = "evgeiniypavlyukov.MVP-------";
				PRODUCT_NAME = "$(TARGET_NAME)";
				SWIFT_EMIT_LOC_STRINGS = YES;
				SWIFT_VERSION = 5.0;
				TARGETED_DEVICE_FAMILY = "1,2";
			};
			name = Release;
		};
/* End XCBuildConfiguration section */

/* Begin XCConfigurationList section */
		3BDEB59A2913CAD90003C9F4 /* Build configuration list for PBXProject "MVP разбор" */ = {
			isa = XCConfigurationList;
			buildConfigurations = (
				3BDEB5B12913CAE10003C9F4 /* Debug */,
				3BDEB5B22913CAE10003C9F4 /* Release */,
			);
			defaultConfigurationIsVisible = 0;
			defaultConfigurationName = Release;
		};
		3BDEB5B32913CAE10003C9F4 /* Build configuration list for PBXNativeTarget "MVP разбор" */ = {
			isa = XCConfigurationList;
			buildConfigurations = (
				3BDEB5B42913CAE10003C9F4 /* Debug */,
				3BDEB5B52913CAE10003C9F4 /* Release */,
			);
			defaultConfigurationIsVisible = 0;
			defaultConfigurationName = Release;
		};
/* End XCConfigurationList section */
	};
	rootObject = 3BDEB5972913CAD90003C9F4 /* Project object */;
}
